
Microsoft Visual Studio Solution File, Format Version 12.00
# Visual Studio Version 17
VisualStudioVersion = 17.13.35913.81
MinimumVisualStudioVersion = 10.0.40219.1
Project("{8BC9CEB8-8B4A-11D0-8D11-00A0C91BC942}") = "LW8_test", "LW8_test.vcxproj", "{D041E27F-8CAA-7DA1-19E7-9F7F92763031}"
EndProject
Project("{8BC9CEB8-8B4A-11D0-8D11-00A0C91BC942}") = "LW8", "..\LW8\LW8.vcxproj", "{5B4F6A7C-43E4-4E6D-8DC0-57752AD0532C}"
EndProject
Global
	GlobalSection(SolutionConfigurationPlatforms) = preSolution
		Debug|x64 = Debug|x64
		Debug|x86 = Debug|x86
		Release|x64 = Release|x64
		Release|x86 = Release|x86
	EndGlobalSection
	GlobalSection(ProjectConfigurationPlatforms) = postSolution
		{D041E27F-8CAA-7DA1-19E7-9F7F92763031}.Debug|x64.ActiveCfg = Debug|x64
		{D041E27F-8CAA-7DA1-19E7-9F7F92763031}.Debug|x64.Build.0 = Debug|x64
		{D041E27F-8CAA-7DA1-19E7-9F7F92763031}.Debug|x86.ActiveCfg = Debug|Win32
		{D041E27F-8CAA-7DA1-19E7-9F7F92763031}.Debug|x86.Build.0 = Debug|Win32
		{D041E27F-8CAA-7DA1-19E7-9F7F92763031}.Release|x64.ActiveCfg = Release|x64
		{D041E27F-8CAA-7DA1-19E7-9F7F92763031}.Release|x64.Build.0 = Release|x64
		{D041E27F-8CAA-7DA1-19E7-9F7F92763031}.Release|x86.ActiveCfg = Release|Win32
		{D041E27F-8CAA-7DA1-19E7-9F7F92763031}.Release|x86.Build.0 = Release|Win32
		{5B4F6A7C-43E4-4E6D-8DC0-57752AD0532C}.Debug|x64.ActiveCfg = Debug|x64
		{5B4F6A7C-43E4-4E6D-8DC0-57752AD0532C}.Debug|x64.Build.0 = Debug|x64
		{5B4F6A7C-43E4-4E6D-8DC0-57752AD0532C}.Debug|x86.ActiveCfg = Debug|Win32
		{5B4F6A7C-43E4-4E6D-8DC0-57752AD0532C}.Debug|x86.Build.0 = Debug|Win32
		{5B4F6A7C-43E4-4E6D-8DC0-57752AD0532C}.Release|x64.ActiveCfg = Release|x64
		{5B4F6A7C-43E4-4E6D-8DC0-57752AD0532C}.Release|x64.Build.0 = Release|x64
		{5B4F6A7C-43E4-4E6D-8DC0-57752AD0532C}.Release|x86.ActiveCfg = Release|Win32
		{5B4F6A7C-43E4-4E6D-8DC0-57752AD0532C}.Release|x86.Build.0 = Release|Win32
	EndGlobalSection
	GlobalSection(SolutionProperties) = preSolution
		HideSolutionNode = FALSE
	EndGlobalSection
	GlobalSection(ExtensibilityGlobals) = postSolution
		SolutionGuid = {366B1A4B-84C8-406F-96FB-450A336B90D6}
	EndGlobalSection
EndGlobal
